{
  "lockfile_version": "1",
  "packages": {
    "github:NixOS/nixpkgs/nixpkgs-unstable": {
      "last_modified": "2026-09-10T20:56:27Z",
      "resolved": "github:NixOS/nixpkgs/aff8a0b28396750446e5537a96461bc4facdb287?lastModified=1789073787&narHash=sha256-xfX%2FtoC2QV707s06GbP4II%2FTxYF0fNQj7s5%2FLClNDKc%3D"
    },
    "gradle@8.14.3": {
      "last_modified": "2026-01-23T17:20:52Z",
      "plugin_version": "0.0.1",
      "resolved": "github:NixOS/nixpkgs/a1bab9e494f5f4939442a57a58d0449a109593fe#gradle",
      "source": "devbox-search",
      "version": "8.14.3",
      "systems": {
        "aarch64-darwin": {
          "outputs": [
            {
              "name": "out",
              "path": "/nix/store/2v1f5bf3j30qnfc0rc4xqdkr2xxsldn8-gradle-8.14.3",
              "default": true
            }
          ],
          "store_path": "/nix/store/2v1f5bf3j30qnfc0rc4xqdkr2xxsldn8-gradle-8.14.3"
        },
        "aarch64-linux": {
          "outputs": [
            {
              "name": "out",
              "path": "/nix/store/k95spassdpk6whdb2d8j5ga1vqqlfax7-gradle-8.14.3",
              "default": true
            }
          ],
          "store_path": "/nix/store/k95spassdpk6whdb2d8j5ga1vqqlfax7-gradle-8.14.3"
        },
        "x86_64-darwin": {
          "outputs": [
            {
              "name": "out",
              "path": "/nix/store/a8m0z5a5jw02ipd72ii5smkljxzvay3w-gradle-8.14.3",
              "default": true
            }
          ],
          "store_path": "/nix/store/a8m0z5a5jw02ipd72ii5smkljxzvay3w-gradle-8.14.3"
        },
        "x86_64-linux": {
          "outputs": [
            {
              "name": "out",
              "path": "/nix/store/q38h9wr9lp3p5a584klaj27mchb4bczq-gradle-8.14.3",
              "default": true
            }
          ],
          "store_path": "/nix/store/q38h9wr9lp3p5a584klaj27mchb4bczq-gradle-8.14.3"
        }
      }
    },
    "jdk21@latest": {
      "last_modified": "2024-06-12T20:55:33Z",
      "resolved": "github:NixOS/nixpkgs/a9858885e197f984d92d7fe64e9fff6b2e488d40#jdk",
      "source": "devbox-search",
      "version": "21+35",
      "systems": {
        "aarch64-linux": {
          "outputs": [
            {
              "name": "out",
              "path": "/nix/store/f7risq9mlz4gywxr65v46h4mv1a4a0s3-openjdk-21+35",
              "default": true
            },
            {
              "name": "debug",
              "path": "/nix/store/lgljxsffciqlijp38iklrh1ki5vi0y4f-openjdk-21+35-debug"
            }
          ],
          "store_path": "/nix/store/f7risq9mlz4gywxr65v46h4mv1a4a0s3-openjdk-21+35"
        },
        "x86_64-linux": {
          "outputs": [
            {
              "name": "out",
              "path": "/nix/store/bk3x3ia7gxqic1jgr3dz05gwi8zw671y-openjdk-21+35",
              "default": true
            },
            {
              "name": "debug",
              "path": "/nix/store/2h6zm6qy04amw9mvir8n5fifn99dzg16-openjdk-21+35-debug"
            }
          ],
          "store_path": "/nix/store/bk3x3ia7gxqic1jgr3dz05gwi8zw671y-openjdk-21+35"
        }
      }
    }
  }
}
