{
  "lockfile_version": "1",
  "packages": {
    "github:NixOS/nixpkgs/nixpkgs-unstable": {
      "last_modified": "2026-09-10T20:56:27Z",
      "resolved": "github:NixOS/nixpkgs/aff8a0b28396750446e5537a96461bc4facdb287?lastModified=1789073787&narHash=sha256-xfX%2FtoC2QV707s06GbP4II%2FTxYF0fNQj7s5%2FLClNDKc%3D"
    },
    "gradle_9@9.5.1": {
      "last_modified": "2026-08-28T08:26:42Z",
      "plugin_version": "0.0.1",
      "resolved": "github:NixOS/nixpkgs/0e7911a191ea0fb9d6e8e771d24736d3618f8b1f#gradle_9",
      "source": "devbox-search",
      "version": "9.5.1",
      "systems": {
        "aarch64-darwin": {
          "outputs": [
            {
              "name": "out",
              "path": "/nix/store/v8q1yf9xk7yjdc19w3c1mniyrjdrdqal-gradle-9.5.1",
              "default": true
            }
          ],
          "store_path": "/nix/store/v8q1yf9xk7yjdc19w3c1mniyrjdrdqal-gradle-9.5.1"
        },
        "aarch64-linux": {
          "outputs": [
            {
              "name": "out",
              "path": "/nix/store/bzvsjs5mhcfx8qbl1w2wzk2y4kfks62a-gradle-9.5.1",
              "default": true
            }
          ],
          "store_path": "/nix/store/bzvsjs5mhcfx8qbl1w2wzk2y4kfks62a-gradle-9.5.1"
        },
        "x86_64-darwin": {
          "outputs": [
            {
              "name": "out",
              "path": "/nix/store/qigzs3lxnhjpapd7fqmvcy4h1flbq0d1-gradle-9.5.1",
              "default": true
            }
          ],
          "store_path": "/nix/store/qigzs3lxnhjpapd7fqmvcy4h1flbq0d1-gradle-9.5.1"
        },
        "x86_64-linux": {
          "outputs": [
            {
              "name": "out",
              "path": "/nix/store/9bhx33ar9f99pk63pdjdi7iwvgw1mm1c-gradle-9.5.1",
              "default": true
            }
          ],
          "store_path": "/nix/store/9bhx33ar9f99pk63pdjdi7iwvgw1mm1c-gradle-9.5.1"
        }
      }
    },
    "jdk21@latest": {
      "last_modified": "2024-06-12T20:55:33Z",
      "resolved": "github:NixOS/nixpkgs/a9858885e197f984d92d7fe64e9fff6b2e488d40#jdk",
      "source": "devbox-search",
      "version": "21+35",
      "systems": {
        "aarch64-linux": {
          "outputs": [
            {
              "name": "out",
              "path": "/nix/store/f7risq9mlz4gywxr65v46h4mv1a4a0s3-openjdk-21+35",
              "default": true
            },
            {
              "name": "debug",
              "path": "/nix/store/lgljxsffciqlijp38iklrh1ki5vi0y4f-openjdk-21+35-debug"
            }
          ],
          "store_path": "/nix/store/f7risq9mlz4gywxr65v46h4mv1a4a0s3-openjdk-21+35"
        },
        "x86_64-linux": {
          "outputs": [
            {
              "name": "out",
              "path": "/nix/store/bk3x3ia7gxqic1jgr3dz05gwi8zw671y-openjdk-21+35",
              "default": true
            },
            {
              "name": "debug",
              "path": "/nix/store/2h6zm6qy04amw9mvir8n5fifn99dzg16-openjdk-21+35-debug"
            }
          ],
          "store_path": "/nix/store/bk3x3ia7gxqic1jgr3dz05gwi8zw671y-openjdk-21+35"
        }
      }
    }
  }
}
